
Microsoft Visual Studio Solution File, Format Version 12.00
# Visual Studio Version 16
VisualStudioVersion = 16.0.30717.126
MinimumVisualStudioVersion = 10.0.40219.1
Project("{9A19103F-16F7-4668-BE54-9A1E7A4F7556}") = "TestIntegracion", "TestIntegracion.csproj", "{48BF56C6-08BD-4C94-8843-5D7EEA1F88B5}"
EndProject
Global
	GlobalSection(SolutionConfigurationPlatforms) = preSolution
		Debug|Any CPU = Debug|Any CPU
		Release|Any CPU = Release|Any CPU
	EndGlobalSection
	GlobalSection(ProjectConfigurationPlatforms) = postSolution
		{48BF56C6-08BD-4C94-8843-5D7EEA1F88B5}.Debug|Any CPU.ActiveCfg = Debug|Any CPU
		{48BF56C6-08BD-4C94-8843-5D7EEA1F88B5}.Debug|Any CPU.Build.0 = Debug|Any CPU
		{48BF56C6-08BD-4C94-8843-5D7EEA1F88B5}.Release|Any CPU.ActiveCfg = Release|Any CPU
		{48BF56C6-08BD-4C94-8843-5D7EEA1F88B5}.Release|Any CPU.Build.0 = Release|Any CPU
	EndGlobalSection
	GlobalSection(SolutionProperties) = preSolution
		HideSolutionNode = FALSE
	EndGlobalSection
	GlobalSection(ExtensibilityGlobals) = postSolution
		SolutionGuid = {19647D6C-C49E-4F16-8F79-E4936E98CFF2}
	EndGlobalSection
EndGlobal
